
Microsoft Visual Studio Solution File, Format Version 12.00
# Visual Studio Version 16
VisualStudioVersion = 16.0.29009.5
MinimumVisualStudioVersion = 10.0.40219.1
Project("{9A19103F-16F7-4668-BE54-9A1E7A4F7556}") = "ILS", "ILS.csproj", "{23F5C312-5002-49AA-899D-DF558EAC998D}"
EndProject
Global
	GlobalSection(SolutionConfigurationPlatforms) = preSolution
		Debug|Any CPU = Debug|Any CPU
		Release|Any CPU = Release|Any CPU
	EndGlobalSection
	GlobalSection(ProjectConfigurationPlatforms) = postSolution
		{23F5C312-5002-49AA-899D-DF558EAC998D}.Debug|Any CPU.ActiveCfg = Debug|Any CPU
		{23F5C312-5002-49AA-899D-DF558EAC998D}.Debug|Any CPU.Build.0 = Debug|Any CPU
		{23F5C312-5002-49AA-899D-DF558EAC998D}.Release|Any CPU.ActiveCfg = Release|Any CPU
		{23F5C312-5002-49AA-899D-DF558EAC998D}.Release|Any CPU.Build.0 = Release|Any CPU
	EndGlobalSection
	GlobalSection(SolutionProperties) = preSolution
		HideSolutionNode = FALSE
	EndGlobalSection
	GlobalSection(ExtensibilityGlobals) = postSolution
		SolutionGuid = {DD99C573-861D-48E0-BCFA-BC9FBFEC96D0}
	EndGlobalSection
EndGlobal
